
Microsoft Visual Studio Solution File, Format Version 12.00
# Visual Studio 15
VisualStudioVersion = 15.0.28010.2036
MinimumVisualStudioVersion = 10.0.40219.1
Project("{FAE04EC0-301F-11D3-BF4B-00C04F79EFBC}") = "Infomil", "Infomil\Infomil.csproj", "{7E9AD78A-F726-4C41-BA4B-7E91310CA609}"
EndProject
Project("{FAE04EC0-301F-11D3-BF4B-00C04F79EFBC}") = "LogiqueMetier", "LogiqueMetier\LogiqueMetier.csproj", "{C93B2447-A368-4283-8452-9684B62128E9}"
EndProject
Project("{FAE04EC0-301F-11D3-BF4B-00C04F79EFBC}") = "AccesAuxDonnees", "AccesAuxDonnees\AccesAuxDonnees.csproj", "{A120A327-D012-4BF4-836F-7C2C6A29C8BE}"
EndProject
Project("{FAE04EC0-301F-11D3-BF4B-00C04F79EFBC}") = "ConteneurDeDonnees", "ConteneurDeDonnees\ConteneurDeDonnees.csproj", "{2976F629-6CCC-4AAF-976A-24839A88F078}"
EndProject
Global
	GlobalSection(SolutionConfigurationPlatforms) = preSolution
		Debug|Any CPU = Debug|Any CPU
		Release|Any CPU = Release|Any CPU
	EndGlobalSection
	GlobalSection(ProjectConfigurationPlatforms) = postSolution
		{7E9AD78A-F726-4C41-BA4B-7E91310CA609}.Debug|Any CPU.ActiveCfg = Debug|Any CPU
		{7E9AD78A-F726-4C41-BA4B-7E91310CA609}.Debug|Any CPU.Build.0 = Debug|Any CPU
		{7E9AD78A-F726-4C41-BA4B-7E91310CA609}.Release|Any CPU.ActiveCfg = Release|Any CPU
		{7E9AD78A-F726-4C41-BA4B-7E91310CA609}.Release|Any CPU.Build.0 = Release|Any CPU
		{C93B2447-A368-4283-8452-9684B62128E9}.Debug|Any CPU.ActiveCfg = Debug|Any CPU
		{C93B2447-A368-4283-8452-9684B62128E9}.Debug|Any CPU.Build.0 = Debug|Any CPU
		{C93B2447-A368-4283-8452-9684B62128E9}.Release|Any CPU.ActiveCfg = Release|Any CPU
		{C93B2447-A368-4283-8452-9684B62128E9}.Release|Any CPU.Build.0 = Release|Any CPU
		{A120A327-D012-4BF4-836F-7C2C6A29C8BE}.Debug|Any CPU.ActiveCfg = Debug|Any CPU
		{A120A327-D012-4BF4-836F-7C2C6A29C8BE}.Debug|Any CPU.Build.0 = Debug|Any CPU
		{A120A327-D012-4BF4-836F-7C2C6A29C8BE}.Release|Any CPU.ActiveCfg = Release|Any CPU
		{A120A327-D012-4BF4-836F-7C2C6A29C8BE}.Release|Any CPU.Build.0 = Release|Any CPU
		{2976F629-6CCC-4AAF-976A-24839A88F078}.Debug|Any CPU.ActiveCfg = Debug|Any CPU
		{2976F629-6CCC-4AAF-976A-24839A88F078}.Debug|Any CPU.Build.0 = Debug|Any CPU
		{2976F629-6CCC-4AAF-976A-24839A88F078}.Release|Any CPU.ActiveCfg = Release|Any CPU
		{2976F629-6CCC-4AAF-976A-24839A88F078}.Release|Any CPU.Build.0 = Release|Any CPU
	EndGlobalSection
	GlobalSection(SolutionProperties) = preSolution
		HideSolutionNode = FALSE
	EndGlobalSection
	GlobalSection(ExtensibilityGlobals) = postSolution
		SolutionGuid = {AA93C80C-6026-4041-97CA-7BF5F7D4A1A5}
	EndGlobalSection
EndGlobal
